
Microsoft Visual Studio Solution File, Format Version 12.00
# Visual Studio 15
VisualStudioVersion = 15.0.27428.2005
MinimumVisualStudioVersion = 10.0.40219.1
Project("{FAE04EC0-301F-11D3-BF4B-00C04F79EFBC}") = "ReciepeClient.Android", "ReciepeClient\ReciepeClient.Android\ReciepeClient.Android.csproj", "{71A01609-7C07-4163-B510-6A7EACEC44C0}"
EndProject
Project("{FAE04EC0-301F-11D3-BF4B-00C04F79EFBC}") = "ReciepeClient.iOS", "ReciepeClient\ReciepeClient.iOS\ReciepeClient.iOS.csproj", "{BA5598BE-6CB5-4E11-A412-12FE66B93FFB}"
EndProject
Project("{D954291E-2A0B-460D-934E-DC6B0785DB48}") = "ReciepeClient", "ReciepeClient\ReciepeClient\ReciepeClient.shproj", "{E156E05F-1247-4C85-8D20-BDA5DFB3C00D}"
EndProject
Project("{FAE04EC0-301F-11D3-BF4B-00C04F79EFBC}") = "ViewModels", "ViewModels\ViewModels.csproj", "{AE3C6A8C-9F0E-4B0D-AC6F-11A3A45030FF}"
EndProject
Global
	GlobalSection(SharedMSBuildProjectFiles) = preSolution
		ReciepeClient\ReciepeClient\ReciepeClient.projitems*{71a01609-7c07-4163-b510-6a7eacec44c0}*SharedItemsImports = 4
		ReciepeClient\ReciepeClient\ReciepeClient.projitems*{ba5598be-6cb5-4e11-a412-12fe66b93ffb}*SharedItemsImports = 4
		ReciepeClient\ReciepeClient\ReciepeClient.projitems*{e156e05f-1247-4c85-8d20-bda5dfb3c00d}*SharedItemsImports = 13
	EndGlobalSection
	GlobalSection(SolutionConfigurationPlatforms) = preSolution
		Ad-Hoc|Any CPU = Ad-Hoc|Any CPU
		Ad-Hoc|ARM = Ad-Hoc|ARM
		Ad-Hoc|iPhone = Ad-Hoc|iPhone
		Ad-Hoc|iPhoneSimulator = Ad-Hoc|iPhoneSimulator
		Ad-Hoc|x64 = Ad-Hoc|x64
		Ad-Hoc|x86 = Ad-Hoc|x86
		AppStore|Any CPU = AppStore|Any CPU
		AppStore|ARM = AppStore|ARM
		AppStore|iPhone = AppStore|iPhone
		AppStore|iPhoneSimulator = AppStore|iPhoneSimulator
		AppStore|x64 = AppStore|x64
		AppStore|x86 = AppStore|x86
		Debug|Any CPU = Debug|Any CPU
		Debug|ARM = Debug|ARM
		Debug|iPhone = Debug|iPhone
		Debug|iPhoneSimulator = Debug|iPhoneSimulator
		Debug|x64 = Debug|x64
		Debug|x86 = Debug|x86
		Release|Any CPU = Release|Any CPU
		Release|ARM = Release|ARM
		Release|iPhone = Release|iPhone
		Release|iPhoneSimulator = Release|iPhoneSimulator
		Release|x64 = Release|x64
		Release|x86 = Release|x86
	EndGlobalSection
	GlobalSection(ProjectConfigurationPlatforms) = postSolution
		{71A01609-7C07-4163-B510-6A7EACEC44C0}.Ad-Hoc|Any CPU.ActiveCfg = Release|Any CPU
		{71A01609-7C07-4163-B510-6A7EACEC44C0}.Ad-Hoc|Any CPU.Build.0 = Release|Any CPU
		{71A01609-7C07-4163-B510-6A7EACEC44C0}.Ad-Hoc|Any CPU.Deploy.0 = Release|Any CPU
		{71A01609-7C07-4163-B510-6A7EACEC44C0}.Ad-Hoc|ARM.ActiveCfg = Release|Any CPU
		{71A01609-7C07-4163-B510-6A7EACEC44C0}.Ad-Hoc|ARM.Build.0 = Release|Any CPU
		{71A01609-7C07-4163-B510-6A7EACEC44C0}.Ad-Hoc|ARM.Deploy.0 = Release|Any CPU
		{71A01609-7C07-4163-B510-6A7EACEC44C0}.Ad-Hoc|iPhone.ActiveCfg = Release|Any CPU
		{71A01609-7C07-4163-B510-6A7EACEC44C0}.Ad-Hoc|iPhone.Build.0 = Release|Any CPU
		{71A01609-7C07-4163-B510-6A7EACEC44C0}.Ad-Hoc|iPhone.Deploy.0 = Release|Any CPU
		{71A01609-7C07-4163-B510-6A7EACEC44C0}.Ad-Hoc|iPhoneSimulator.ActiveCfg = Release|Any CPU
		{71A01609-7C07-4163-B510-6A7EACEC44C0}.Ad-Hoc|iPhoneSimulator.Build.0 = Release|Any CPU
		{71A01609-7C07-4163-B510-6A7EACEC44C0}.Ad-Hoc|iPhoneSimulator.Deploy.0 = Release|Any CPU
		{71A01609-7C07-4163-B510-6A7EACEC44C0}.Ad-Hoc|x64.ActiveCfg = Release|Any CPU
		{71A01609-7C07-4163-B510-6A7EACEC44C0}.Ad-Hoc|x64.Build.0 = Release|Any CPU
		{71A01609-7C07-4163-B510-6A7EACEC44C0}.Ad-Hoc|x64.Deploy.0 = Release|Any CPU
		{71A01609-7C07-4163-B510-6A7EACEC44C0}.Ad-Hoc|x86.ActiveCfg = Release|Any CPU
		{71A01609-7C07-4163-B510-6A7EACEC44C0}.Ad-Hoc|x86.Build.0 = Release|Any CPU
		{71A01609-7C07-4163-B510-6A7EACEC44C0}.Ad-Hoc|x86.Deploy.0 = Release|Any CPU
		{71A01609-7C07-4163-B510-6A7EACEC44C0}.AppStore|Any CPU.ActiveCfg = Release|Any CPU
		{71A01609-7C07-4163-B510-6A7EACEC44C0}.AppStore|Any CPU.Build.0 = Release|Any CPU
		{71A01609-7C07-4163-B510-6A7EACEC44C0}.AppStore|Any CPU.Deploy.0 = Release|Any CPU
		{71A01609-7C07-4163-B510-6A7EACEC44C0}.AppStore|ARM.ActiveCfg = Release|Any CPU
		{71A01609-7C07-4163-B510-6A7EACEC44C0}.AppStore|ARM.Build.0 = Release|Any CPU
		{71A01609-7C07-4163-B510-6A7EACEC44C0}.AppStore|ARM.Deploy.0 = Release|Any CPU
		{71A01609-7C07-4163-B510-6A7EACEC44C0}.AppStore|iPhone.ActiveCfg = Release|Any CPU
		{71A01609-7C07-4163-B510-6A7EACEC44C0}.AppStore|iPhone.Build.0 = Release|Any CPU
		{71A01609-7C07-4163-B510-6A7EACEC44C0}.AppStore|iPhone.Deploy.0 = Release|Any CPU
		{71A01609-7C07-4163-B510-6A7EACEC44C0}.AppStore|iPhoneSimulator.ActiveCfg = Release|Any CPU
		{71A01609-7C07-4163-B510-6A7EACEC44C0}.AppStore|iPhoneSimulator.Build.0 = Release|Any CPU
		{71A01609-7C07-4163-B510-6A7EACEC44C0}.AppStore|iPhoneSimulator.Deploy.0 = Release|Any CPU
		{71A01609-7C07-4163-B510-6A7EACEC44C0}.AppStore|x64.ActiveCfg = Release|Any CPU
		{71A01609-7C07-4163-B510-6A7EACEC44C0}.AppStore|x64.Build.0 = Release|Any CPU
		{71A01609-7C07-4163-B510-6A7EACEC44C0}.AppStore|x64.Deploy.0 = Release|Any CPU
		{71A01609-7C07-4163-B510-6A7EACEC44C0}.AppStore|x86.ActiveCfg = Release|Any CPU
		{71A01609-7C07-4163-B510-6A7EACEC44C0}.AppStore|x86.Build.0 = Release|Any CPU
		{71A01609-7C07-4163-B510-6A7EACEC44C0}.AppStore|x86.Deploy.0 = Release|Any CPU
		{71A01609-7C07-4163-B510-6A7EACEC44C0}.Debug|Any CPU.ActiveCfg = Debug|Any CPU
		{71A01609-7C07-4163-B510-6A7EACEC44C0}.Debug|Any CPU.Build.0 = Debug|Any CPU
		{71A01609-7C07-4163-B510-6A7EACEC44C0}.Debug|Any CPU.Deploy.0 = Debug|Any CPU
		{71A01609-7C07-4163-B510-6A7EACEC44C0}.Debug|ARM.ActiveCfg = Debug|Any CPU
		{71A01609-7C07-4163-B510-6A7EACEC44C0}.Debug|ARM.Build.0 = Debug|Any CPU
		{71A01609-7C07-4163-B510-6A7EACEC44C0}.Debug|ARM.Deploy.0 = Debug|Any CPU
		{71A01609-7C07-4163-B510-6A7EACEC44C0}.Debug|iPhone.ActiveCfg = Debug|Any CPU
		{71A01609-7C07-4163-B510-6A7EACEC44C0}.Debug|iPhone.Build.0 = Debug|Any CPU
		{71A01609-7C07-4163-B510-6A7EACEC44C0}.Debug|iPhone.Deploy.0 = Debug|Any CPU
		{71A01609-7C07-4163-B510-6A7EACEC44C0}.Debug|iPhoneSimulator.ActiveCfg = Debug|Any CPU
		{71A01609-7C07-4163-B510-6A7EACEC44C0}.Debug|iPhoneSimulator.Build.0 = Debug|Any CPU
		{71A01609-7C07-4163-B510-6A7EACEC44C0}.Debug|iPhoneSimulator.Deploy.0 = Debug|Any CPU
		{71A01609-7C07-4163-B510-6A7EACEC44C0}.Debug|x64.ActiveCfg = Debug|Any CPU
		{71A01609-7C07-4163-B510-6A7EACEC44C0}.Debug|x64.Build.0 = Debug|Any CPU
		{71A01609-7C07-4163-B510-6A7EACEC44C0}.Debug|x64.Deploy.0 = Debug|Any CPU
		{71A01609-7C07-4163-B510-6A7EACEC44C0}.Debug|x86.ActiveCfg = Debug|Any CPU
		{71A01609-7C07-4163-B510-6A7EACEC44C0}.Debug|x86.Build.0 = Debug|Any CPU
		{71A01609-7C07-4163-B510-6A7EACEC44C0}.Debug|x86.Deploy.0 = Debug|Any CPU
		{71A01609-7C07-4163-B510-6A7EACEC44C0}.Release|Any CPU.ActiveCfg = Release|Any CPU
		{71A01609-7C07-4163-B510-6A7EACEC44C0}.Release|Any CPU.Build.0 = Release|Any CPU
		{71A01609-7C07-4163-B510-6A7EACEC44C0}.Release|Any CPU.Deploy.0 = Release|Any CPU
		{71A01609-7C07-4163-B510-6A7EACEC44C0}.Release|ARM.ActiveCfg = Release|Any CPU
		{71A01609-7C07-4163-B510-6A7EACEC44C0}.Release|ARM.Build.0 = Release|Any CPU
		{71A01609-7C07-4163-B510-6A7EACEC44C0}.Release|ARM.Deploy.0 = Release|Any CPU
		{71A01609-7C07-4163-B510-6A7EACEC44C0}.Release|iPhone.ActiveCfg = Release|Any CPU
		{71A01609-7C07-4163-B510-6A7EACEC44C0}.Release|iPhone.Build.0 = Release|Any CPU
		{71A01609-7C07-4163-B510-6A7EACEC44C0}.Release|iPhone.Deploy.0 = Release|Any CPU
		{71A01609-7C07-4163-B510-6A7EACEC44C0}.Release|iPhoneSimulator.ActiveCfg = Release|Any CPU
		{71A01609-7C07-4163-B510-6A7EACEC44C0}.Release|iPhoneSimulator.Build.0 = Release|Any CPU
		{71A01609-7C07-4163-B510-6A7EACEC44C0}.Release|iPhoneSimulator.Deploy.0 = Release|Any CPU
		{71A01609-7C07-4163-B510-6A7EACEC44C0}.Release|x64.ActiveCfg = Release|Any CPU
		{71A01609-7C07-4163-B510-6A7EACEC44C0}.Release|x64.Build.0 = Release|Any CPU
		{71A01609-7C07-4163-B510-6A7EACEC44C0}.Release|x64.Deploy.0 = Release|Any CPU
		{71A01609-7C07-4163-B510-6A7EACEC44C0}.Release|x86.ActiveCfg = Release|Any CPU
		{71A01609-7C07-4163-B510-6A7EACEC44C0}.Release|x86.Build.0 = Release|Any CPU
		{71A01609-7C07-4163-B510-6A7EACEC44C0}.Release|x86.Deploy.0 = Release|Any CPU
		{BA5598BE-6CB5-4E11-A412-12FE66B93FFB}.Ad-Hoc|Any CPU.ActiveCfg = Ad-Hoc|iPhone
		{BA5598BE-6CB5-4E11-A412-12FE66B93FFB}.Ad-Hoc|ARM.ActiveCfg = Ad-Hoc|iPhone
		{BA5598BE-6CB5-4E11-A412-12FE66B93FFB}.Ad-Hoc|iPhone.ActiveCfg = Ad-Hoc|iPhone
		{BA5598BE-6CB5-4E11-A412-12FE66B93FFB}.Ad-Hoc|iPhone.Build.0 = Ad-Hoc|iPhone
		{BA5598BE-6CB5-4E11-A412-12FE66B93FFB}.Ad-Hoc|iPhoneSimulator.ActiveCfg = Ad-Hoc|iPhoneSimulator
		{BA5598BE-6CB5-4E11-A412-12FE66B93FFB}.Ad-Hoc|iPhoneSimulator.Build.0 = Ad-Hoc|iPhoneSimulator
		{BA5598BE-6CB5-4E11-A412-12FE66B93FFB}.Ad-Hoc|x64.ActiveCfg = Ad-Hoc|iPhone
		{BA5598BE-6CB5-4E11-A412-12FE66B93FFB}.Ad-Hoc|x86.ActiveCfg = Ad-Hoc|iPhone
		{BA5598BE-6CB5-4E11-A412-12FE66B93FFB}.AppStore|Any CPU.ActiveCfg = AppStore|iPhone
		{BA5598BE-6CB5-4E11-A412-12FE66B93FFB}.AppStore|ARM.ActiveCfg = AppStore|iPhone
		{BA5598BE-6CB5-4E11-A412-12FE66B93FFB}.AppStore|iPhone.ActiveCfg = AppStore|iPhone
		{BA5598BE-6CB5-4E11-A412-12FE66B93FFB}.AppStore|iPhone.Build.0 = AppStore|iPhone
		{BA5598BE-6CB5-4E11-A412-12FE66B93FFB}.AppStore|iPhoneSimulator.ActiveCfg = AppStore|iPhoneSimulator
		{BA5598BE-6CB5-4E11-A412-12FE66B93FFB}.AppStore|iPhoneSimulator.Build.0 = AppStore|iPhoneSimulator
		{BA5598BE-6CB5-4E11-A412-12FE66B93FFB}.AppStore|x64.ActiveCfg = AppStore|iPhone
		{BA5598BE-6CB5-4E11-A412-12FE66B93FFB}.AppStore|x86.ActiveCfg = AppStore|iPhone
		{BA5598BE-6CB5-4E11-A412-12FE66B93FFB}.Debug|Any CPU.ActiveCfg = Debug|iPhone
		{BA5598BE-6CB5-4E11-A412-12FE66B93FFB}.Debug|ARM.ActiveCfg = Debug|iPhone
		{BA5598BE-6CB5-4E11-A412-12FE66B93FFB}.Debug|iPhone.ActiveCfg = Debug|iPhone
		{BA5598BE-6CB5-4E11-A412-12FE66B93FFB}.Debug|iPhone.Build.0 = Debug|iPhone
		{BA5598BE-6CB5-4E11-A412-12FE66B93FFB}.Debug|iPhoneSimulator.ActiveCfg = Debug|iPhoneSimulator
		{BA5598BE-6CB5-4E11-A412-12FE66B93FFB}.Debug|iPhoneSimulator.Build.0 = Debug|iPhoneSimulator
		{BA5598BE-6CB5-4E11-A412-12FE66B93FFB}.Debug|x64.ActiveCfg = Debug|iPhone
		{BA5598BE-6CB5-4E11-A412-12FE66B93FFB}.Debug|x86.ActiveCfg = Debug|iPhone
		{BA5598BE-6CB5-4E11-A412-12FE66B93FFB}.Release|Any CPU.ActiveCfg = Release|iPhone
		{BA5598BE-6CB5-4E11-A412-12FE66B93FFB}.Release|ARM.ActiveCfg = Release|iPhone
		{BA5598BE-6CB5-4E11-A412-12FE66B93FFB}.Release|iPhone.ActiveCfg = Release|iPhone
		{BA5598BE-6CB5-4E11-A412-12FE66B93FFB}.Release|iPhone.Build.0 = Release|iPhone
		{BA5598BE-6CB5-4E11-A412-12FE66B93FFB}.Release|iPhoneSimulator.ActiveCfg = Release|iPhoneSimulator
		{BA5598BE-6CB5-4E11-A412-12FE66B93FFB}.Release|iPhoneSimulator.Build.0 = Release|iPhoneSimulator
		{BA5598BE-6CB5-4E11-A412-12FE66B93FFB}.Release|x64.ActiveCfg = Release|iPhone
		{BA5598BE-6CB5-4E11-A412-12FE66B93FFB}.Release|x86.ActiveCfg = Release|iPhone
		{AE3C6A8C-9F0E-4B0D-AC6F-11A3A45030FF}.Ad-Hoc|Any CPU.ActiveCfg = Release|Any CPU
		{AE3C6A8C-9F0E-4B0D-AC6F-11A3A45030FF}.Ad-Hoc|Any CPU.Build.0 = Release|Any CPU
		{AE3C6A8C-9F0E-4B0D-AC6F-11A3A45030FF}.Ad-Hoc|ARM.ActiveCfg = Release|Any CPU
		{AE3C6A8C-9F0E-4B0D-AC6F-11A3A45030FF}.Ad-Hoc|ARM.Build.0 = Release|Any CPU
		{AE3C6A8C-9F0E-4B0D-AC6F-11A3A45030FF}.Ad-Hoc|iPhone.ActiveCfg = Release|Any CPU
		{AE3C6A8C-9F0E-4B0D-AC6F-11A3A45030FF}.Ad-Hoc|iPhone.Build.0 = Release|Any CPU
		{AE3C6A8C-9F0E-4B0D-AC6F-11A3A45030FF}.Ad-Hoc|iPhoneSimulator.ActiveCfg = Release|Any CPU
		{AE3C6A8C-9F0E-4B0D-AC6F-11A3A45030FF}.Ad-Hoc|iPhoneSimulator.Build.0 = Release|Any CPU
		{AE3C6A8C-9F0E-4B0D-AC6F-11A3A45030FF}.Ad-Hoc|x64.ActiveCfg = Release|Any CPU
		{AE3C6A8C-9F0E-4B0D-AC6F-11A3A45030FF}.Ad-Hoc|x64.Build.0 = Release|Any CPU
		{AE3C6A8C-9F0E-4B0D-AC6F-11A3A45030FF}.Ad-Hoc|x86.ActiveCfg = Release|Any CPU
		{AE3C6A8C-9F0E-4B0D-AC6F-11A3A45030FF}.Ad-Hoc|x86.Build.0 = Release|Any CPU
		{AE3C6A8C-9F0E-4B0D-AC6F-11A3A45030FF}.AppStore|Any CPU.ActiveCfg = Release|Any CPU
		{AE3C6A8C-9F0E-4B0D-AC6F-11A3A45030FF}.AppStore|Any CPU.Build.0 = Release|Any CPU
		{AE3C6A8C-9F0E-4B0D-AC6F-11A3A45030FF}.AppStore|ARM.ActiveCfg = Release|Any CPU
		{AE3C6A8C-9F0E-4B0D-AC6F-11A3A45030FF}.AppStore|ARM.Build.0 = Release|Any CPU
		{AE3C6A8C-9F0E-4B0D-AC6F-11A3A45030FF}.AppStore|iPhone.ActiveCfg = Release|Any CPU
		{AE3C6A8C-9F0E-4B0D-AC6F-11A3A45030FF}.AppStore|iPhone.Build.0 = Release|Any CPU
		{AE3C6A8C-9F0E-4B0D-AC6F-11A3A45030FF}.AppStore|iPhoneSimulator.ActiveCfg = Release|Any CPU
		{AE3C6A8C-9F0E-4B0D-AC6F-11A3A45030FF}.AppStore|iPhoneSimulator.Build.0 = Release|Any CPU
		{AE3C6A8C-9F0E-4B0D-AC6F-11A3A45030FF}.AppStore|x64.ActiveCfg = Release|Any CPU
		{AE3C6A8C-9F0E-4B0D-AC6F-11A3A45030FF}.AppStore|x64.Build.0 = Release|Any CPU
		{AE3C6A8C-9F0E-4B0D-AC6F-11A3A45030FF}.AppStore|x86.ActiveCfg = Release|Any CPU
		{AE3C6A8C-9F0E-4B0D-AC6F-11A3A45030FF}.AppStore|x86.Build.0 = Release|Any CPU
		{AE3C6A8C-9F0E-4B0D-AC6F-11A3A45030FF}.Debug|Any CPU.ActiveCfg = Debug|Any CPU
		{AE3C6A8C-9F0E-4B0D-AC6F-11A3A45030FF}.Debug|Any CPU.Build.0 = Debug|Any CPU
		{AE3C6A8C-9F0E-4B0D-AC6F-11A3A45030FF}.Debug|ARM.ActiveCfg = Debug|Any CPU
		{AE3C6A8C-9F0E-4B0D-AC6F-11A3A45030FF}.Debug|ARM.Build.0 = Debug|Any CPU
		{AE3C6A8C-9F0E-4B0D-AC6F-11A3A45030FF}.Debug|iPhone.ActiveCfg = Debug|Any CPU
		{AE3C6A8C-9F0E-4B0D-AC6F-11A3A45030FF}.Debug|iPhone.Build.0 = Debug|Any CPU
		{AE3C6A8C-9F0E-4B0D-AC6F-11A3A45030FF}.Debug|iPhoneSimulator.ActiveCfg = Debug|Any CPU
		{AE3C6A8C-9F0E-4B0D-AC6F-11A3A45030FF}.Debug|iPhoneSimulator.Build.0 = Debug|Any CPU
		{AE3C6A8C-9F0E-4B0D-AC6F-11A3A45030FF}.Debug|x64.ActiveCfg = Debug|Any CPU
		{AE3C6A8C-9F0E-4B0D-AC6F-11A3A45030FF}.Debug|x64.Build.0 = Debug|Any CPU
		{AE3C6A8C-9F0E-4B0D-AC6F-11A3A45030FF}.Debug|x86.ActiveCfg = Debug|Any CPU
		{AE3C6A8C-9F0E-4B0D-AC6F-11A3A45030FF}.Debug|x86.Build.0 = Debug|Any CPU
		{AE3C6A8C-9F0E-4B0D-AC6F-11A3A45030FF}.Release|Any CPU.ActiveCfg = Release|Any CPU
		{AE3C6A8C-9F0E-4B0D-AC6F-11A3A45030FF}.Release|Any CPU.Build.0 = Release|Any CPU
		{AE3C6A8C-9F0E-4B0D-AC6F-11A3A45030FF}.Release|ARM.ActiveCfg = Release|Any CPU
		{AE3C6A8C-9F0E-4B0D-AC6F-11A3A45030FF}.Release|ARM.Build.0 = Release|Any CPU
		{AE3C6A8C-9F0E-4B0D-AC6F-11A3A45030FF}.Release|iPhone.ActiveCfg = Release|Any CPU
		{AE3C6A8C-9F0E-4B0D-AC6F-11A3A45030FF}.Release|iPhone.Build.0 = Release|Any CPU
		{AE3C6A8C-9F0E-4B0D-AC6F-11A3A45030FF}.Release|iPhoneSimulator.ActiveCfg = Release|Any CPU
		{AE3C6A8C-9F0E-4B0D-AC6F-11A3A45030FF}.Release|iPhoneSimulator.Build.0 = Release|Any CPU
		{AE3C6A8C-9F0E-4B0D-AC6F-11A3A45030FF}.Release|x64.ActiveCfg = Release|Any CPU
		{AE3C6A8C-9F0E-4B0D-AC6F-11A3A45030FF}.Release|x64.Build.0 = Release|Any CPU
		{AE3C6A8C-9F0E-4B0D-AC6F-11A3A45030FF}.Release|x86.ActiveCfg = Release|Any CPU
		{AE3C6A8C-9F0E-4B0D-AC6F-11A3A45030FF}.Release|x86.Build.0 = Release|Any CPU
	EndGlobalSection
	GlobalSection(SolutionProperties) = preSolution
		HideSolutionNode = FALSE
	EndGlobalSection
	GlobalSection(ExtensibilityGlobals) = postSolution
		SolutionGuid = {6F39BF5A-89CB-4780-B220-9E0EFF822CA2}
	EndGlobalSection
EndGlobal
